{
  "object": {
    "pins": [
      {
        "package": "CryptoSwift",
        "repositoryURL": "https://github.com/krzyzanowskim/CryptoSwift.git",
        "state": {
          "branch": null,
          "revision": "8d4f6384e0a8cc41f2005247241dd553963a492a",
          "version": "1.4.1"
        }
      },
      {
        "package": "Starscream",
        "repositoryURL": "https://github.com/1inch/Starscream",
        "state": {
          "branch": null,
          "revision": "61cd9afc0da11e2549f5aa7db10fa2b7f0362911",
          "version": "3.1.2"
        }
      }
    ]
  },
  "version": 1
}
