{
  "object": {
    "pins": [
      {
        "package": "CryptoSwift",
        "repositoryURL": "https://github.com/krzyzanowskim/CryptoSwift.git",
        "state": {
          "branch": null,
          "revision": "4e31051c63cc0ddf10a25cf5318856c510cf77f4",
          "version": "1.4.0"
        }
      },
      {
        "package": "Starscream",
        "repositoryURL": "https://github.com/1inch/Starscream.git",
        "state": {
          "branch": null,
          "revision": "61cd9afc0da11e2549f5aa7db10fa2b7f0362911",
          "version": "3.1.2"
        }
      }
    ]
  },
  "version": 1
}
